
Microsoft Visual Studio Solution File, Format Version 12.00
# Visual Studio Version 17
VisualStudioVersion = 17.2.32616.157
MinimumVisualStudioVersion = 10.0.40219.1
Project("{9A19103F-16F7-4668-BE54-9A1E7A4F7556}") = "HoneyMarket.Common", "HoneyMarket.Common\HoneyMarket.Common.csproj", "{F6562D67-5F96-4CDE-9A38-EDEDEA315F08}"
EndProject
Project("{FAE04EC0-301F-11D3-BF4B-00C04F79EFBC}") = "HoneyMarket.Utility", "..\HoneyMarket.Utility\HoneyMarket.Utility.csproj", "{279CD36B-EB2D-4BDB-80AF-B4F3CD3288A8}"
EndProject
Global
	GlobalSection(SolutionConfigurationPlatforms) = preSolution
		Debug|Any CPU = Debug|Any CPU
		Release|Any CPU = Release|Any CPU
	EndGlobalSection
	GlobalSection(ProjectConfigurationPlatforms) = postSolution
		{F6562D67-5F96-4CDE-9A38-EDEDEA315F08}.Debug|Any CPU.ActiveCfg = Debug|Any CPU
		{F6562D67-5F96-4CDE-9A38-EDEDEA315F08}.Debug|Any CPU.Build.0 = Debug|Any CPU
		{F6562D67-5F96-4CDE-9A38-EDEDEA315F08}.Release|Any CPU.ActiveCfg = Release|Any CPU
		{F6562D67-5F96-4CDE-9A38-EDEDEA315F08}.Release|Any CPU.Build.0 = Release|Any CPU
		{279CD36B-EB2D-4BDB-80AF-B4F3CD3288A8}.Debug|Any CPU.ActiveCfg = Debug|Any CPU
		{279CD36B-EB2D-4BDB-80AF-B4F3CD3288A8}.Debug|Any CPU.Build.0 = Debug|Any CPU
		{279CD36B-EB2D-4BDB-80AF-B4F3CD3288A8}.Release|Any CPU.ActiveCfg = Release|Any CPU
		{279CD36B-EB2D-4BDB-80AF-B4F3CD3288A8}.Release|Any CPU.Build.0 = Release|Any CPU
	EndGlobalSection
	GlobalSection(SolutionProperties) = preSolution
		HideSolutionNode = FALSE
	EndGlobalSection
	GlobalSection(ExtensibilityGlobals) = postSolution
		SolutionGuid = {FBF069AE-2407-49A8-92BA-30041405BFE0}
	EndGlobalSection
EndGlobal
